
Microsoft Visual Studio Solution File, Format Version 12.00
# Visual Studio Version 16
VisualStudioVersion = 16.0.31025.194
MinimumVisualStudioVersion = 10.0.40219.1
Project("{9A19103F-16F7-4668-BE54-9A1E7A4F7556}") = "CategoryFinder", "CategoryFinder\CategoryFinder.csproj", "{0377F51E-B4E5-4A57-B2B8-1AF3A288A299}"
EndProject
Project("{9A19103F-16F7-4668-BE54-9A1E7A4F7556}") = "CreateInitUrls", "CreateInitUrls\CreateInitUrls.csproj", "{66F5672E-9547-4422-99A1-387C787A92F0}"
EndProject
Project("{9A19103F-16F7-4668-BE54-9A1E7A4F7556}") = "BookFinder.Domain", "Domain\BookFinder.Domain.csproj", "{EDE61188-C86F-4960-A428-AF3BBBEDCBCF}"
EndProject
Project("{9A19103F-16F7-4668-BE54-9A1E7A4F7556}") = "BookFinder.SyncHtmlToDatabase", "SyncHtmlToDatabase\BookFinder.SyncHtmlToDatabase.csproj", "{6648A9DF-5D39-461C-B387-85D9833E6478}"
EndProject
Project("{9A19103F-16F7-4668-BE54-9A1E7A4F7556}") = "BookFinder.EntityFrameworkCore", "BookFinder.EntityFrameworkCore\BookFinder.EntityFrameworkCore.csproj", "{E4AD7092-B308-49FC-B9A5-A8E1EC9FD84E}"
EndProject
Project("{9A19103F-16F7-4668-BE54-9A1E7A4F7556}") = "BookFinder.Tools", "BookFinder.Common.Tools\BookFinder.Tools.csproj", "{E1951CC1-A633-4690-BC4B-FCE23AFFE43B}"
EndProject
Project("{9A19103F-16F7-4668-BE54-9A1E7A4F7556}") = "BookFinder.DuplicateUrlCheck", "BookFinder.DuplicateUrlCheck\BookFinder.DuplicateUrlCheck.csproj", "{428F9DF9-F156-4F74-B430-BEFA745F6553}"
EndProject
Project("{FAE04EC0-301F-11D3-BF4B-00C04F79EFBC}") = "BookFinderFullSolution", "BookFinderFullSolution\BookFinderFullSolution.csproj", "{F4C61191-3895-4917-B9DC-C6BB300E8DE1}"
EndProject
Global
	GlobalSection(SolutionConfigurationPlatforms) = preSolution
		Debug|Any CPU = Debug|Any CPU
		Release|Any CPU = Release|Any CPU
	EndGlobalSection
	GlobalSection(ProjectConfigurationPlatforms) = postSolution
		{0377F51E-B4E5-4A57-B2B8-1AF3A288A299}.Debug|Any CPU.ActiveCfg = Debug|Any CPU
		{0377F51E-B4E5-4A57-B2B8-1AF3A288A299}.Debug|Any CPU.Build.0 = Debug|Any CPU
		{0377F51E-B4E5-4A57-B2B8-1AF3A288A299}.Release|Any CPU.ActiveCfg = Release|Any CPU
		{0377F51E-B4E5-4A57-B2B8-1AF3A288A299}.Release|Any CPU.Build.0 = Release|Any CPU
		{66F5672E-9547-4422-99A1-387C787A92F0}.Debug|Any CPU.ActiveCfg = Debug|Any CPU
		{66F5672E-9547-4422-99A1-387C787A92F0}.Debug|Any CPU.Build.0 = Debug|Any CPU
		{66F5672E-9547-4422-99A1-387C787A92F0}.Release|Any CPU.ActiveCfg = Release|Any CPU
		{66F5672E-9547-4422-99A1-387C787A92F0}.Release|Any CPU.Build.0 = Release|Any CPU
		{EDE61188-C86F-4960-A428-AF3BBBEDCBCF}.Debug|Any CPU.ActiveCfg = Debug|Any CPU
		{EDE61188-C86F-4960-A428-AF3BBBEDCBCF}.Debug|Any CPU.Build.0 = Debug|Any CPU
		{EDE61188-C86F-4960-A428-AF3BBBEDCBCF}.Release|Any CPU.ActiveCfg = Release|Any CPU
		{EDE61188-C86F-4960-A428-AF3BBBEDCBCF}.Release|Any CPU.Build.0 = Release|Any CPU
		{6648A9DF-5D39-461C-B387-85D9833E6478}.Debug|Any CPU.ActiveCfg = Debug|Any CPU
		{6648A9DF-5D39-461C-B387-85D9833E6478}.Debug|Any CPU.Build.0 = Debug|Any CPU
		{6648A9DF-5D39-461C-B387-85D9833E6478}.Release|Any CPU.ActiveCfg = Release|Any CPU
		{6648A9DF-5D39-461C-B387-85D9833E6478}.Release|Any CPU.Build.0 = Release|Any CPU
		{E4AD7092-B308-49FC-B9A5-A8E1EC9FD84E}.Debug|Any CPU.ActiveCfg = Debug|Any CPU
		{E4AD7092-B308-49FC-B9A5-A8E1EC9FD84E}.Debug|Any CPU.Build.0 = Debug|Any CPU
		{E4AD7092-B308-49FC-B9A5-A8E1EC9FD84E}.Release|Any CPU.ActiveCfg = Release|Any CPU
		{E4AD7092-B308-49FC-B9A5-A8E1EC9FD84E}.Release|Any CPU.Build.0 = Release|Any CPU
		{E1951CC1-A633-4690-BC4B-FCE23AFFE43B}.Debug|Any CPU.ActiveCfg = Debug|Any CPU
		{E1951CC1-A633-4690-BC4B-FCE23AFFE43B}.Debug|Any CPU.Build.0 = Debug|Any CPU
		{E1951CC1-A633-4690-BC4B-FCE23AFFE43B}.Release|Any CPU.ActiveCfg = Release|Any CPU
		{E1951CC1-A633-4690-BC4B-FCE23AFFE43B}.Release|Any CPU.Build.0 = Release|Any CPU
		{428F9DF9-F156-4F74-B430-BEFA745F6553}.Debug|Any CPU.ActiveCfg = Debug|Any CPU
		{428F9DF9-F156-4F74-B430-BEFA745F6553}.Debug|Any CPU.Build.0 = Debug|Any CPU
		{428F9DF9-F156-4F74-B430-BEFA745F6553}.Release|Any CPU.ActiveCfg = Release|Any CPU
		{428F9DF9-F156-4F74-B430-BEFA745F6553}.Release|Any CPU.Build.0 = Release|Any CPU
		{F4C61191-3895-4917-B9DC-C6BB300E8DE1}.Debug|Any CPU.ActiveCfg = Debug|Any CPU
		{F4C61191-3895-4917-B9DC-C6BB300E8DE1}.Debug|Any CPU.Build.0 = Debug|Any CPU
		{F4C61191-3895-4917-B9DC-C6BB300E8DE1}.Release|Any CPU.ActiveCfg = Release|Any CPU
		{F4C61191-3895-4917-B9DC-C6BB300E8DE1}.Release|Any CPU.Build.0 = Release|Any CPU
	EndGlobalSection
	GlobalSection(SolutionProperties) = preSolution
		HideSolutionNode = FALSE
	EndGlobalSection
	GlobalSection(ExtensibilityGlobals) = postSolution
		SolutionGuid = {5DEFC814-C150-4EB7-835F-1CB24D97AC13}
	EndGlobalSection
EndGlobal
